
Microsoft Visual Studio Solution File, Format Version 12.00
# Visual Studio Version 17
VisualStudioVersion = 17.13.35931.197 d17.13
MinimumVisualStudioVersion = 10.0.40219.1
Project("{888888A0-9F3D-457C-B088-3A5042F75D52}") = "MovieGuidePart2", "MovieGuidePart2.pyproj", "{15759B8B-7BA8-4F41-B924-463731D5E056}"
EndProject
Global
	GlobalSection(SolutionConfigurationPlatforms) = preSolution
		Debug|Any CPU = Debug|Any CPU
		Release|Any CPU = Release|Any CPU
	EndGlobalSection
	GlobalSection(ProjectConfigurationPlatforms) = postSolution
		{15759B8B-7BA8-4F41-B924-463731D5E056}.Debug|Any CPU.ActiveCfg = Debug|Any CPU
		{15759B8B-7BA8-4F41-B924-463731D5E056}.Release|Any CPU.ActiveCfg = Release|Any CPU
	EndGlobalSection
	GlobalSection(SolutionProperties) = preSolution
		HideSolutionNode = FALSE
	EndGlobalSection
	GlobalSection(ExtensibilityGlobals) = postSolution
		SolutionGuid = {206022F8-FC3E-413F-B124-E66AE5D55022}
	EndGlobalSection
EndGlobal
